<?xml version="1.0" encoding="utf-8"?>
<Project ToolsVersion="4.0" xmlns="http://schemas.microsoft.com/developer/msbuild/2003">
  <ItemGroup>
    <Filter Include="win32">
      <UniqueIdentifier>{84a8ebd7-7cf0-47f6-b75e-d441df67da40}</UniqueIdentifier>
    </Filter>
    <Filter Include="resource">
      <UniqueIdentifier>{715254bc-d70b-4ec5-bf29-467dd3ace079}</UniqueIdentifier>
    </Filter>
    <Filter Include="src">
      <UniqueIdentifier>{bb6c862e-70e9-49d9-81b7-3829a6f50471}</UniqueIdentifier>
    </Filter>
    <Filter Include="src\Helpers">
      <UniqueIdentifier>{7d3a9e76-ad89-492e-88b3-516167cccdca}</UniqueIdentifier>
    </Filter>
    <Filter Include="src\Entities">
      <UniqueIdentifier>{d1ec8915-333b-401e-829f-608153b9cf5e}</UniqueIdentifier>
    </Filter>
  </ItemGroup>
  <ItemGroup>
    <ClCompile Include="main.cpp">
      <Filter>win32</Filter>
    </ClCompile>
    <ClCompile Include="..\Classes\AppDelegate.cpp">
      <Filter>src</Filter>
    </ClCompile>
    <ClCompile Include="..\Classes\HelloWorldScene.cpp">
      <Filter>src</Filter>
    </ClCompile>
    <ClCompile Include="..\Helpers\StaticHelpers.cpp">
      <Filter>src\Helpers</Filter>
    </ClCompile>
    <ClCompile Include="..\Classes\Entities\O3Sprite.cpp">
      <Filter>src\Entities</Filter>
    </ClCompile>
    <ClCompile Include="..\Classes\Entities\Commorose.cpp">
      <Filter>src\Entities</Filter>
    </ClCompile>
    <ClCompile Include="..\Classes\Entities\AnimData.cpp">
      <Filter>src\Entities</Filter>
    </ClCompile>
    <ClCompile Include="..\Helpers\SaferAudioEngine.cpp">
      <Filter>src\Helpers</Filter>
    </ClCompile>
    <ClCompile Include="..\Classes\Entities\Protractor.cpp">
      <Filter>src\Entities</Filter>
    </ClCompile>
    <ClCompile Include="..\Classes\Entities\Submarine.cpp">
      <Filter>src\Entities</Filter>
    </ClCompile>
  </ItemGroup>
  <ItemGroup>
    <ClInclude Include="main.h">
      <Filter>win32</Filter>
    </ClInclude>
    <ClInclude Include="..\Classes\AppDelegate.h">
      <Filter>src</Filter>
    </ClInclude>
    <ClInclude Include="..\Classes\HelloWorldScene.h">
      <Filter>src</Filter>
    </ClInclude>
    <ClInclude Include="..\Helpers\StaticHelpers.h">
      <Filter>src\Helpers</Filter>
    </ClInclude>
    <ClInclude Include="..\Helpers\Consts.h">
      <Filter>src\Helpers</Filter>
    </ClInclude>
    <ClInclude Include="..\Classes\Entities\O3Sprite.h">
      <Filter>src\Entities</Filter>
    </ClInclude>
    <ClInclude Include="..\Classes\Entities\Commorose.h">
      <Filter>src\Entities</Filter>
    </ClInclude>
    <ClInclude Include="..\Classes\Entities\AnimData.h">
      <Filter>src\Entities</Filter>
    </ClInclude>
    <ClInclude Include="..\Helpers\SaferAudioEngine.h">
      <Filter>src\Helpers</Filter>
    </ClInclude>
    <ClInclude Include="..\Classes\Entities\Protractor.h">
      <Filter>src\Entities</Filter>
    </ClInclude>
    <ClInclude Include="..\Classes\Entities\Submarine.h">
      <Filter>src\Entities</Filter>
    </ClInclude>
  </ItemGroup>
  <ItemGroup>
    <ResourceCompile Include="game.rc">
      <Filter>resource</Filter>
    </ResourceCompile>
  </ItemGroup>
</Project>